lockfileVersion: '9.0'

settings:
  autoInstallPeers: true
  excludeLinksFromLockfile: false

importers:

  .:
    devDependencies:
      cspell:
        specifier: ^5.19.3
        version: 5.21.2
      lint-staged:
        specifier: ^11.1.2
        version: 11.2.6
      pyright:
        specifier: ^1.1.361
        version: 1.1.369
      simple-git-hooks:
        specifier: ^2.5.1
        version: 2.11.1

packages:

  '@babel/code-frame@7.24.7':
    resolution: {integrity: sha512-BcYH1CVJBO9tvyIZ2jVeXgSIMvGZ2FDRvDdOIVQyuklNKSsx+eppDEBq/g47Ayw+RqNFE+URvOShmf+f/qwAlA==}
    engines: {node: '>=6.9.0'}

  '@babel/helper-validator-identifier@7.24.7':
    resolution: {integrity: sha512-rR+PBcQ1SMQDDyF6X0wxtG8QyLCgUB0eRAGguqRLfkCA87l7yAP7ehq8SNj96OOGTO8OBV70KhuFYcIkHXOg0w==}
    engines: {node: '>=6.9.0'}

  '@babel/highlight@7.24.7':
    resolution: {integrity: sha512-EStJpq4OuY8xYfhGVXngigBJRWxftKX9ksiGDnmlY3o7B/V7KIAc9X4oiK87uPJSc/vs5L869bem5fhZa8caZw==}
    engines: {node: '>=6.9.0'}

  '@cspell/cspell-bundled-dicts@5.21.2':
    resolution: {integrity: sha512-Y5TU6wV/H+RV1VOB32MowiKofBsEZId4x4ReWCyw4KUtJegeljajCfhHwiQaZuvA69E13cJnOMDwi9qozj4kjw==}
    engines: {node: '>=12.13.0'}

  '@cspell/cspell-pipe@5.21.2':
    resolution: {integrity: sha512-MN1SXeqqurWYNknbUMPHRFyTvURbO53/1Aw3zEoCeVUSiGbD5rrb1N+t0YDbOphWrkkrJAZk82/2ZBJ2USE/vg==}
    engines: {node: '>=12.13.0'}

  '@cspell/cspell-types@5.21.2':
    resolution: {integrity: sha512-g2h4qNR6C53IcSM3KR0DZ9gsqp+2FyKD371htJOmSJGmWb4s45QY0hsPr12A2J8/bT+E3uMtHn9KxJeQ7t0SzA==}
    engines: {node: '>=12.13.0'}

  '@cspell/dict-ada@2.0.1':
    resolution: {integrity: sha512-vopTJ1oHrrFYV5GU55Sr+AzItR78Uj5YbCaspYABmYKlq4NRrcUAUsr4bWgymDcspMIHO7e7IFcj48OKs1fndA==}

  '@cspell/dict-aws@2.0.0':
    resolution: {integrity: sha512-NKz7pDZ7pwj/b33i3f4WLpC1rOOUMmENwYgftxU+giU2YBeKM2wZbMTSEIzsrel56r0UlQYmdIVlP/B4nnVaoQ==}

  '@cspell/dict-bash@2.0.4':
    resolution: {integrity: sha512-uK/ehmp5LYrmRH2Gv3nbvdPswpkybJUn34WYKLpeuYHQktmi+pOI1A9uPdBPnSbMDffSvwQlQohIyKawz+X8Ag==}

  '@cspell/dict-companies@2.0.14':
    resolution: {integrity: sha512-Sq1X29Z05OZ/UNqTwVhf3/WaqvJQy4/S6gS8qYI5AQRX45gVe8CPhNBLmZOTC6z8m716bfQCxa5rRT9YNSdTZg==}

  '@cspell/dict-cpp@3.2.1':
    resolution: {integrity: sha512-XcmzrKIghqFfrYLLaHtWKOp9rupiuGdc5ODONk+emsq0W5CIc3Abn27IQHwUzxzF+Cm5IfKAIJ5Kpe6hkzm0HQ==}

  '@cspell/dict-cryptocurrencies@2.0.0':
    resolution: {integrity: sha512-nREysmmfOp7L2YCRAUufQahwD5/Punzb5AZ6eyg4zUamdRWHgBFphb5/9h2flt1vgdUfhc6hZcML21Ci7iXjaA==}

  '@cspell/dict-csharp@3.0.1':
    resolution: {integrity: sha512-xkfQu03F388w4sdVQSSjrVMkxAxpTYB2yW7nw0XYtTjl3L/jBgvTr/j1BTjdFbQhdNf10Lg0Ak1kXOjmHodVqA==}

  '@cspell/dict-css@2.1.0':
    resolution: {integrity: sha512-glASAELcGhh4Ru0rTQ4G9mTQxSyPwsZOON/5BYflB6Kks8YC8nUvKrtMCoo5W7CPKPfSEa8zUNctFQ1+IUYDHA==}

  '@cspell/dict-dart@1.1.1':
    resolution: {integrity: sha512-XBOCpezXrgFN18kGEwqMpTUGZdw4BjCoJrNOo6qBdcdZySCrEHLwELraLOkcSba2kM4stmTp0t59FkwtP8TKOA==}

  '@cspell/dict-django@2.0.0':
    resolution: {integrity: sha512-GkJdJv6cmzrKcmq2/oxTXjKF5uv71r4eTqnFmgPbNBW1t+G4VYpzOf0QrVQrhx2RC4DdW5XfcTf+iS0FxHOTmw==}

  '@cspell/dict-dotnet@2.0.1':
    resolution: {integrity: sha512-b1n4crJRW0WZVf9Gp/52j/tDtjYiZ3N81fIyfqPlBrjsh/5AivfA697DYwQ2mr8ngNX7RsqRtYNQjealA1rEnQ==}

  '@cspell/dict-elixir@2.0.1':
    resolution: {integrity: sha512-eTTTxZt1FqGkM780yFDxsGHvTbWqvlK8YISSccK8FyrB6ULW+uflQlNS5AnWg3uWKC48b7pQott+odYCsPJ+Ow==}

  '@cspell/dict-en-gb@1.1.33':
    resolution: {integrity: sha512-tKSSUf9BJEV+GJQAYGw5e+ouhEe2ZXE620S7BLKe3ZmpnjlNG9JqlnaBhkIMxKnNFkLY2BP/EARzw31AZnOv4g==}

  '@cspell/dict-en_us@2.3.3':
    resolution: {integrity: sha512-csyKeaNktfpvMkmE2GOPTwsrQm3wWhLKVaDRaGU0qTcIjDiCvqv/iYgrVrKRkoddA3kdNTZ8YNCcix7lb6VkOg==}

  '@cspell/dict-filetypes@2.1.1':
    resolution: {integrity: sha512-Oo0/mUbFHzsaATqRLdkV1RMoYns3aGzeKFIpVJg415GYtJ8EABXtEArYTXeMwlboyGTPvEk+PR2hBSTSfQTqmg==}

  '@cspell/dict-fonts@2.1.0':
    resolution: {integrity: sha512-hk7xsbfWEUhc136Xj7I2TD7ouKAfWwzCVAQaHBxcVXAsVxu7bDOGj4FvE2jBzlkSUY8A9Ww8qS0GOFvowJshVg==}

  '@cspell/dict-fullstack@2.0.6':
    resolution: {integrity: sha512-R2E2xvbHvvRwwurxfpBJDRIJjXBMfEPF5WNV3LTOEMRqkZtoYCeJK9aqc8LHlmJMtAbnN1cx//BCDIyTJ0rO0A==}

  '@cspell/dict-git@1.0.1':
    resolution: {integrity: sha512-Rk+eTof/9inF11lvxmkCRK+gODatA3qai8kSASv6OG/JfPvpj7fTHErx/rdgPw/LOTDUafnoTjTYmj7B2MOQXg==}

  '@cspell/dict-golang@3.0.1':
    resolution: {integrity: sha512-0KNfXTbxHW2l8iVjxeOf+KFv9Qrw3z5cyKnkuYJWlBTSB5KcUBfeKCb4fsds26VdANqiy6U91b4gDx5kNEmBjQ==}

  '@cspell/dict-haskell@2.0.1':
    resolution: {integrity: sha512-ooA23qIG7InOOxlLm67CNH5O2J85QsPHEAzEU9KEqVfYG5ovFs5tx6n9pHekDVk3MpQULpqfNUYDR0KigPLg5g==}

  '@cspell/dict-html-symbol-entities@3.0.0':
    resolution: {integrity: sha512-04K7cPTcbYXmHICfiob4gZA1yaj4hpfM+Nl5WIJ1EAZsSGHdqmGEF28GuCjyQ8ZeKiJAsPt/vXuLBbjxkHqZyQ==}

  '@cspell/dict-html@3.3.2':
    resolution: {integrity: sha512-cM5pQSEiqjrdk6cRFLrlLdWNT/J8399f/A6DjwjfYhHrGy0e/Rsjv76HZT0GlE1OqMoq9eG9jdQsfoYYgWTIpQ==}

  '@cspell/dict-java@2.0.0':
    resolution: {integrity: sha512-9f5LDATlAiXRGqxLxgqbOLlQxuMW2zcN7tBgxwtN+4u90vM03ZUOR/gKIuDV/y0ZuAiWBIjA73cjk8DJ13Q1eA==}

  '@cspell/dict-latex@2.0.9':
    resolution: {integrity: sha512-d1kTK6dJb5z6UcfASQWjqQlsjZvnoVOvMWxYtLpGksYf6gM4IgqoPVNMLYYK6xBS4T/uAnLIj975A6YuAeyZpg==}

  '@cspell/dict-lorem-ipsum@2.0.1':
    resolution: {integrity: sha512-s7Ft8UiloUJwgz4z8uLeFvCkeTcZ43HQl7mSAlZd76eW+keLSsdeGmLDx2zaciqo+MftPGyzygVCwaJjTGxiew==}

  '@cspell/dict-lua@2.0.0':
    resolution: {integrity: sha512-7WUEBEspSKtsq104WdIys1+DLqAxpJPzw74Py1TuE3fI5GvlzeSZkRFP2ya54GB2lCO4C3mq4M8EnitpibVDfw==}

  '@cspell/dict-node@2.0.1':
    resolution: {integrity: sha512-ztBWzhvI+YaMehICSJ65cohhjQqoztxf9vrS3YckOiVGBFvUMaFVNdX9klQkvrLcS/O4+2PzoGeIEkmf99amLA==}

  '@cspell/dict-npm@2.0.5':
    resolution: {integrity: sha512-KuPL5fKaqyG9ACrrinNt84FhVdh23VRtxDLO8MtGUdStca9tjfjPdmP2YF/5VkEKmpKYkfFKVcBUk9RgVkx5bw==}

  '@cspell/dict-php@2.0.0':
    resolution: {integrity: sha512-29WgU77eTO985LvMHwPi1pcpfopfCWfTdffDyqya0JIfOSaFUrlYKzGPkE4mRxcz2G3hXsaM0SRvBNdIRwEdUg==}

  '@cspell/dict-powershell@2.0.0':
    resolution: {integrity: sha512-6uvEhLiGmG3u9TFkM1TYcky6aL9Yk7Sk3KJwoTYBaQJY2KqrprgyQtW6yxIw9oU52VRHlq3KKvSAA9Q26+SIkQ==}

  '@cspell/dict-public-licenses@1.0.6':
    resolution: {integrity: sha512-Z9IUFPkkOpOsEdgPUfQOJNQ+qU6+iBAZWS/CR5sUqTX+s5VkPNVwQyVC2kdmgmE2U5qwzAPewG6nVKr2MVogwg==}

  '@cspell/dict-python@3.0.6':
    resolution: {integrity: sha512-tzxJ4sd9ZGhAUKg/WJJpQGDNtoHvM8Wn+iS2+PnQj2/LTHBW4mnaCogsGsBtYu8C4b2+BEQs+tc5808AeEfLug==}

  '@cspell/dict-r@1.0.3':
    resolution: {integrity: sha512-u2qeXd4cx/TvTVcmkvA+sK6f4K1uMAMO6QPMSr1pSvqGElPRP1mIBXmuiSuBzLO3LbsJuUEHw5Cp3/bxIB6rNA==}

  '@cspell/dict-ruby@2.0.2':
    resolution: {integrity: sha512-vVnUpSmGDbPjs7MHq741DsLHhQcoA4CnUCM9wsTorQ9AQRDAkDTbK/LcY8nM19MoXCb3eF8PFku5Jq+gqH0u7w==}

  '@cspell/dict-rust@2.0.1':
    resolution: {integrity: sha512-ATDpIh0VWpQdUIZa8zqqJY4wQz3q00BTXlQCodeOmObYSb23+L6KWWzJ8mKLgpbc1lqTkogWrqxiCxlrCmqNmg==}

  '@cspell/dict-scala@2.0.0':
    resolution: {integrity: sha512-MUwA2YKpqaQOSR4V1/CVGRNk8Ii5kf6I8Ch+4/BhRZRQXuwWbi21rDRYWPqdQWps7VNzAbbMA+PQDWsD5YY38g==}

  '@cspell/dict-software-terms@2.3.0':
    resolution: {integrity: sha512-rl+quUw68IxjWgeX/QDMgQsImZ1DaKzFyYMSGrCNcNPp4b4SMLwHCKoJ97/uOnUnw0jaBxueXoqp2iyN/QiOVw==}

  '@cspell/dict-swift@1.0.3':
    resolution: {integrity: sha512-yOBLSaRD0AnkkkndJ8PuB82Evp6lA2xItf2AWsnPfCCgxp5Ojk6uUBC/WQBSkzkCAOGbXyHsu9D97tsOx2c6cw==}

  '@cspell/dict-typescript@2.0.2':
    resolution: {integrity: sha512-OIoSJsCw9WHX4eDikoF5/0QbptMPZjElOcMYdYCyV03nqV5n4ot72ysTexW95yW4+fQU6uDPNQvnrUnhXXEkTA==}

  '@cspell/dict-vue@2.0.2':
    resolution: {integrity: sha512-/MB0RS0Gn01s4pgmjy0FvsLfr3RRMrRphEuvTRserNcM8XVtoIVAtrjig/Gg0DPwDrN8Clm0L1j7iQay6S8D0g==}

  '@types/parse-json@4.0.2':
    resolution: {integrity: sha512-dISoDXWWQwUquiKsyZ4Ng+HX2KsPL7LyHKHQwgGFEA3IaKac4Obd+h2a/a6waisAoepJlBcx9paWqjA8/HVjCw==}

  aggregate-error@3.1.0:
    resolution: {integrity: sha512-4I7Td01quW/RpocfNayFdFVk1qSuoh0E7JrbRJ16nH01HhKFQ88INq9Sd+nd72zqRySlr9BmDA8xlEJ6vJMrYA==}
    engines: {node: '>=8'}

  ansi-colors@4.1.3:
    resolution: {integrity: sha512-/6w/C21Pm1A7aZitlI5Ni/2J6FFQN8i1Cvz3kHABAAbw93v/NlvKdVOqz7CCWz/3iv/JplRSEEZ83XION15ovw==}
    engines: {node: '>=6'}

  ansi-escapes@4.3.2:
    resolution: {integrity: sha512-gKXj5ALrKWQLsYG9jlTRmR/xKluxHV+Z9QEwNIgCfM1/uwPMCuzVVnh5mwTd+OuBZcwSIMbqssNWRm1lE51QaQ==}
    engines: {node: '>=8'}

  ansi-regex@5.0.1:
    resolution: {integrity: sha512-quJQXlTSUGL2LH9SUXo8VwsY4soanhgo6LNSm84E1LBcE8s3O0wpdiRzyR9z/ZZJMlMWv37qOOb9pdJlMUEKFQ==}
    engines: {node: '>=8'}

  ansi-styles@3.2.1:
    resolution: {integrity: sha512-VT0ZI6kZRdTh8YyJw3SMbYm/u+NqfsAxEpWO0Pf9sq8/e94WxxOpPKx9FR1FlyCtOVDNOQ+8ntlqFxiRc+r5qA==}
    engines: {node: '>=4'}

  ansi-styles@4.3.0:
    resolution: {integrity: sha512-zbB9rCJAT1rbjiVDb2hqKFHNYLxgtk8NURxZ3IZwD3F6NtxbXZQCnnSi1Lkx+IDohdPlFp222wVALIheZJQSEg==}
    engines: {node: '>=8'}

  array-timsort@1.0.3:
    resolution: {integrity: sha512-/+3GRL7dDAGEfM6TseQk/U+mi18TU2Ms9I3UlLdUMhz2hbvGNTKdj9xniwXfUqgYhHxRx0+8UnKkvlNwVU+cWQ==}

  astral-regex@2.0.0:
    resolution: {integrity: sha512-Z7tMw1ytTXt5jqMcOP+OQteU1VuNK9Y02uuJtKQ1Sv69jXQKKg5cibLwGJow8yzZP+eAc18EmLGPal0bp36rvQ==}
    engines: {node: '>=8'}

  balanced-match@1.0.2:
    resolution: {integrity: sha512-3oSeUO0TMV67hN1AmbXsK4yaqU7tjiHlbxRDZOpH0KW9+CeX4bRAaX0Anxt0tx2MrpRpWwQaPwIlISEJhYU5Pw==}

  brace-expansion@1.1.11:
    resolution: {integrity: sha512-iCuPHDFgrHX7H2vEI/5xpz07zSHB00TpugqhmYtVmMO6518mCuRMoOYFldEBl0g187ufozdaHgWKcYFb61qGiA==}

  brace-expansion@2.0.1:
    resolution: {integrity: sha512-XnAIvQ8eM+kC6aULx6wuQiwVsnzsi9d3WxzV3FpWTGA19F621kwdbsAcFKXgKUHZWsy+mY6iL1sHTxWEFCytDA==}

  braces@3.0.3:
    resolution: {integrity: sha512-yQbXgO/OSZVD2IsiLlro+7Hf6Q18EJrKSEsdoMzKePKXct3gvD8oLcOQdIzGupr5Fj+EDe8gO/lxc1BzfMpxvA==}
    engines: {node: '>=8'}

  callsites@3.1.0:
    resolution: {integrity: sha512-P8BjAsXvZS+VIDUI11hHCQEv74YT67YUi5JJFNWIqL235sBmjX4+qx9Muvls5ivyNENctx46xQLQ3aTuE7ssaQ==}
    engines: {node: '>=6'}

  chalk@2.4.2:
    resolution: {integrity: sha512-Mti+f9lpJNcwF4tWV8/OrTTtF1gZi+f8FqlyAdouralcFWFQWF2+NgCHShjkCb+IFBLq9buZwE1xckQU4peSuQ==}
    engines: {node: '>=4'}

  chalk@4.1.2:
    resolution: {integrity: sha512-oKnbhFyRIXpUuez8iBMmyEa4nbj4IOQyuhc/wy9kY7/WVPcwIO9VA668Pu8RkO7+0G76SLROeyw9CpQ061i4mA==}
    engines: {node: '>=10'}

  clean-stack@2.2.0:
    resolution: {integrity: sha512-4diC9HaTE+KRAMWhDhrGOECgWZxoevMc5TlkObMqNSsVU62PYzXZ/SMTjzyGAFF1YusgxGcSWTEXBhp0CPwQ1A==}
    engines: {node: '>=6'}

  clear-module@4.1.2:
    resolution: {integrity: sha512-LWAxzHqdHsAZlPlEyJ2Poz6AIs384mPeqLVCru2p0BrP9G/kVGuhNyZYClLO6cXlnuJjzC8xtsJIuMjKqLXoAw==}
    engines: {node: '>=8'}

  cli-cursor@3.1.0:
    resolution: {integrity: sha512-I/zHAwsKf9FqGoXM4WWRACob9+SNukZTd94DWF57E4toouRulbCxcUh6RKUEOQlYTHJnzkPMySvPNaaSLNfLZw==}
    engines: {node: '>=8'}

  cli-truncate@2.1.0:
    resolution: {integrity: sha512-n8fOixwDD6b/ObinzTrp1ZKFzbgvKZvuz/TvejnLn1aQfC6r52XEx85FmuC+3HI+JM7coBRXUvNqEU2PHVrHpg==}
    engines: {node: '>=8'}

  color-convert@1.9.3:
    resolution: {integrity: sha512-QfAUtd+vFdAtFQcC8CCyYt1fYWxSqAiK2cSD6zDB8N3cpsEBAvRxp9zOGg6G/SHHJYAT88/az/IuDGALsNVbGg==}

  color-convert@2.0.1:
    resolution: {integrity: sha512-RRECPsj7iu/xb5oKYcsFHSppFNnsj/52OVTRKb4zP5onXwVF3zVmmToNcOfGC+CRDpfK/U584fMg38ZHCaElKQ==}
    engines: {node: '>=7.0.0'}

  color-name@1.1.3:
    resolution: {integrity: sha512-72fSenhMw2HZMTVHeCA9KCmpEIbzWiQsjN+BHcBbS9vr1mtt+vJjPdksIBNUmKAW8TFUDPJK5SUU3QhE9NEXDw==}

  color-name@1.1.4:
    resolution: {integrity: sha512-dOy+3AuW3a2wNbZHIuMZpTcgjGuLU/uBL/ubcZF9OXbDo8ff4O8yVp5Bf0efS8uEoYo5q4Fx7dY9OgQGXgAsQA==}

  colorette@1.4.0:
    resolution: {integrity: sha512-Y2oEozpomLn7Q3HFP7dpww7AtMJplbM9lGZP6RDfHqmbeRjiwRg4n6VM6j4KLmRke85uWEI7JqF17f3pqdRA0g==}

  colorette@2.0.20:
    resolution: {integrity: sha512-IfEDxwoWIjkeXL1eXcDiow4UbKjhLdq6/EuSVR9GMN7KVH3r9gQ83e73hsz1Nd1T3ijd5xv1wcWRYO+D6kCI2w==}

  commander@8.3.0:
    resolution: {integrity: sha512-OkTL9umf+He2DZkUq8f8J9of7yL6RJKI24dVITBmNfZBmri9zYZQrKkuXiKhyfPSu8tUhnVBB1iKXevvnlR4Ww==}
    engines: {node: '>= 12'}

  commander@9.5.0:
    resolution: {integrity: sha512-KRs7WVDKg86PWiuAqhDrAQnTXZKraVcCc6vFdL14qrZ/DcWwuRo7VoiYXalXO7S5GKpqYiVEwCbgFDfxNHKJBQ==}
    engines: {node: ^12.20.0 || >=14}

  comment-json@4.2.3:
    resolution: {integrity: sha512-SsxdiOf064DWoZLH799Ata6u7iV658A11PlWtZATDlXPpKGJnbJZ5Z24ybixAi+LUUqJ/GKowAejtC5GFUG7Tw==}
    engines: {node: '>= 6'}

  concat-map@0.0.1:
    resolution: {integrity: sha512-/Srv4dswyQNBfohGpz9o6Yb3Gz3SrUDqBH5rTuhGR7ahtlbYKnVxw2bCFMRljaA7EXHaXZ8wsHdodFvbkhKmqg==}

  configstore@5.0.1:
    resolution: {integrity: sha512-aMKprgk5YhBNyH25hj8wGt2+D52Sw1DRRIzqBwLp2Ya9mFmY8KPvvtvmna8SxVR9JMZ4kzMD68N22vlaRpkeFA==}
    engines: {node: '>=8'}

  core-util-is@1.0.3:
    resolution: {integrity: sha512-ZQBvi1DcpJ4GDqanjucZ2Hj3wEO5pZDS89BWbkcrvdxksJorwUDDZamX9ldFkp9aw2lmBDLgkObEA4DWNJ9FYQ==}

  cosmiconfig@7.1.0:
    resolution: {integrity: sha512-AdmX6xUzdNASswsFtmwSt7Vj8po9IuqXm0UXz7QKPuEUmPB4XyjGfaAr2PSuELMwkRMVH1EpIkX5bTZGRB3eCA==}
    engines: {node: '>=10'}

  cross-spawn@7.0.3:
    resolution: {integrity: sha512-iRDPJKUPVEND7dHPO8rkbOnPpyDygcDFtWjpeWNCgy8WP2rXcxXL8TskReQl6OrB2G7+UJrags1q15Fudc7G6w==}
    engines: {node: '>= 8'}

  crypto-random-string@2.0.0:
    resolution: {integrity: sha512-v1plID3y9r/lPhviJ1wrXpLeyUIGAZ2SHNYTEapm7/8A9nLPoyvVp3RK/EPFqn5kEznyWgYZNsRtYYIWbuG8KA==}
    engines: {node: '>=8'}

  cspell-gitignore@5.21.2:
    resolution: {integrity: sha512-MdNmRRbglmCi20LU7ORZM1gyPSe1gL+4A8Pn+Jm+W5ropSbotzCqiO8BcyhRMNb3lAdMGGrj7gmYtiQ5C/fXIQ==}
    engines: {node: '>=12.13.0'}
    hasBin: true

  cspell-glob@5.21.2:
    resolution: {integrity: sha512-AabqzG31UWy4CSz1xJIK4qzXcarxuRFP9OD2EX8iDtEo0tQJLGoTHE+UpNDBPWTHearE0BZPhpMDF/radtZAgw==}
    engines: {node: '>=12.13.0'}

  cspell-io@5.21.2:
    resolution: {integrity: sha512-3J4cLuN59R7ARiRZ8ke5QwlC5uPfzHLVELOtEAmsTIjuUMvr7BpbrdCuTsUvLkAqYE9NA5eqolqQm3GLXnECNw==}
    engines: {node: '>=12.13.0'}

  cspell-lib@5.21.2:
    resolution: {integrity: sha512-emAFXtDfs84FoMlhOxZYxYVvbCoCN0LxN0obIRvCsvFCLUPj9y7vHv/Tu/01ZyAPeo2r6gkqhanJpQyoIDA1yg==}
    engines: {node: '>=12.13.0'}

  cspell-trie-lib@5.21.2:
    resolution: {integrity: sha512-iux2F+85jDlBEJZgikfPT5SUZMwuFjNqEJiO1SO+xfQG+2MFV9CaHTsoRJIGNy3udMm1mw0GMY5UIVAodwlnhg==}
    engines: {node: '>=12.13.0'}

  cspell@5.21.2:
    resolution: {integrity: sha512-yG14BUumeIcsuSEcM//+9XpbUR6a6FlAxfaVI4e5t6ZZE5tPgDE0PNIVr/jAiLPVm9qUfnq+oNdZE8wmVUbMzw==}
    engines: {node: '>=12.13.0'}
    hasBin: true

  debug@4.3.5:
    resolution: {integrity: sha512-pt0bNEmneDIvdL1Xsd9oDQ/wrQRkXDT4AUWlNZNPKvW5x/jyO9VFXkJUP07vQ2upmw5PlaITaPKc31jK13V+jg==}
    engines: {node: '>=6.0'}
    peerDependencies:
      supports-color: '*'
    peerDependenciesMeta:
      supports-color:
        optional: true

  dot-prop@5.3.0:
    resolution: {integrity: sha512-QM8q3zDe58hqUqjraQOmzZ1LIH9SWQJTlEKCH4kJ2oQvLZk7RbQXvtDM2XEq3fwkV9CCvvH4LA0AV+ogFsBM2Q==}
    engines: {node: '>=8'}

  emoji-regex@8.0.0:
    resolution: {integrity: sha512-MSjYzcWNOA0ewAHpz0MxpYFvwg6yjy1NG3xteoqz644VCo/RPgnr1/GGt+ic3iJTzQ8Eu3TdM14SawnVUmGE6A==}

  enquirer@2.4.1:
    resolution: {integrity: sha512-rRqJg/6gd538VHvR3PSrdRBb/1Vy2YfzHqzvbhGIQpDRKIa4FgV/54b5Q1xYSxOOwKvjXweS26E0Q+nAMwp2pQ==}
    engines: {node: '>=8.6'}

  error-ex@1.3.2:
    resolution: {integrity: sha512-7dFHNmqeFSEt2ZBsCriorKnn3Z2pj+fd9kmI6QoWw4//DL+icEBfc0U7qJCisqrTsKTjw4fNFy2pW9OqStD84g==}

  escape-string-regexp@1.0.5:
    resolution: {integrity: sha512-vbRorB5FUQWvla16U8R/qgaFIya2qGzwDrNmCZuYKrbdSUMG6I1ZCGQRefkRVhuOkIGVne7BQ35DSfo1qvJqFg==}
    engines: {node: '>=0.8.0'}

  esprima@4.0.1:
    resolution: {integrity: sha512-eGuFFw7Upda+g4p+QHvnW0RyTX/SVeJBDM/gCtMARO0cLuT2HcEKnTPvhjV6aGeqrCB/sbNop0Kszm0jsaWU4A==}
    engines: {node: '>=4'}
    hasBin: true

  execa@5.1.1:
    resolution: {integrity: sha512-8uSpZZocAZRBAPIEINJj3Lo9HyGitllczc27Eh5YYojjMFMn8yHMDMaUHE2Jqfq05D/wucwI4JGURyXt1vchyg==}
    engines: {node: '>=10'}

  fast-equals@3.0.3:
    resolution: {integrity: sha512-NCe8qxnZFARSHGztGMZOO/PC1qa5MIFB5Hp66WdzbCRAz8U8US3bx1UTgLS49efBQPcUtO9gf5oVEY8o7y/7Kg==}

  fast-json-stable-stringify@2.1.0:
    resolution: {integrity: sha512-lhd/wF+Lk98HZoTCtlVraHtfh5XYijIjalXck7saUtuanSDyLMxnHhSXEDJqHxD7msR8D0uCmqlkwjCV8xvwHw==}

  file-entry-cache@6.0.1:
    resolution: {integrity: sha512-7Gps/XWymbLk2QLYK4NzpMOrYjMhdIxXuIvy2QBsLE6ljuodKvdkWs/cpyJJ3CVIVpH0Oi1Hvg1ovbMzLdFBBg==}
    engines: {node: ^10.12.0 || >=12.0.0}

  fill-range@7.1.1:
    resolution: {integrity: sha512-YsGpe3WHLK8ZYi4tWDg2Jy3ebRz2rXowDxnld4bkQB00cc/1Zw9AWnC0i9ztDJitivtQvaI9KaLyKrc+hBW0yg==}
    engines: {node: '>=8'}

  find-up@5.0.0:
    resolution: {integrity: sha512-78/PXT1wlLLDgTzDs7sjq9hzz0vXD+zn+7wypEe4fXQxCmdmqfGsEPQxmiCSQI3ajFV91bVSsvNtrJRiW6nGng==}
    engines: {node: '>=10'}

  flat-cache@3.2.0:
    resolution: {integrity: sha512-CYcENa+FtcUKLmhhqyctpclsq7QF38pKjZHsGNiSQF5r4FtoKDWabFDl3hzaEQMvT1LHEysw5twgLvpYYb4vbw==}
    engines: {node: ^10.12.0 || >=12.0.0}

  flatted@3.3.1:
    resolution: {integrity: sha512-X8cqMLLie7KsNUDSdzeN8FYK9rEt4Dt67OsG/DNGnYTSDBG4uFAJFBnUeiV+zCVAvwFy56IjM9sH51jVaEhNxw==}

  fs-extra@10.1.0:
    resolution: {integrity: sha512-oRXApq54ETRj4eMiFzGnHWGy+zo5raudjuxN0b8H7s/RU2oW0Wvsx9O0ACRN/kRq9E8Vu/ReskGB5o3ji+FzHQ==}
    engines: {node: '>=12'}

  fs.realpath@1.0.0:
    resolution: {integrity: sha512-OO0pH2lK6a0hZnAdau5ItzHPI6pUlvI7jMVnxUQRtw4owF2wk8lOSabtGDCTP4Ggrg2MbGnWO9X8K1t4+fGMDw==}

  fsevents@2.3.3:
    resolution: {integrity: sha512-5xoDfX+fL7faATnagmWPpbFtwh/R77WmMMqqHGS65C3vvB0YHrgF+B1YmZ3441tMj5n63k0212XNoJwzlhffQw==}
    engines: {node: ^8.16.0 || ^10.6.0 || >=11.0.0}
    os: [darwin]

  gensequence@3.1.1:
    resolution: {integrity: sha512-ys3h0hiteRwmY6BsvSttPmkhC0vEQHPJduANBRtH/dlDPZ0UBIb/dXy80IcckXyuQ6LKg+PloRqvGER9IS7F7g==}
    engines: {node: '>=10.0.0'}

  get-own-enumerable-property-symbols@3.0.2:
    resolution: {integrity: sha512-I0UBV/XOz1XkIJHEUDMZAbzCThU/H8DxmSfmdGcKPnVhu2VfFqr34jr9777IyaTYvxjedWhqVIilEDsCdP5G6g==}

  get-stdin@8.0.0:
    resolution: {integrity: sha512-sY22aA6xchAzprjyqmSEQv4UbAAzRN0L2dQB0NlN5acTTK9Don6nhoc3eAbUnpZiCANAMfd/+40kVdKfFygohg==}
    engines: {node: '>=10'}

  get-stream@6.0.1:
    resolution: {integrity: sha512-ts6Wi+2j3jQjqi70w5AlN8DFnkSwC+MqmxEzdEALB2qXZYV3X/b1CTfgPLGJNMeAWxdPfU8FO1ms3NUfaHCPYg==}
    engines: {node: '>=10'}

  glob@7.2.3:
    resolution: {integrity: sha512-nFR0zLpU2YCaRxwoCJvL6UvCH2JFyFVIvwTLsIf21AuHlMskA1hhTdk+LlYJtOlYt9v6dvszD2BGRqBL+iQK9Q==}
    deprecated: Glob versions prior to v9 are no longer supported

  glob@8.1.0:
    resolution: {integrity: sha512-r8hpEjiQEYlF2QU0df3dS+nxxSIreXQS1qRhMJM0Q5NDdR386C7jb7Hwwod8Fgiuex+k0GFjgft18yvxm5XoCQ==}
    engines: {node: '>=12'}
    deprecated: Glob versions prior to v9 are no longer supported

  global-dirs@0.1.1:
    resolution: {integrity: sha512-NknMLn7F2J7aflwFOlGdNIuCDpN3VGoSoB+aap3KABFWbHVn1TCgFC+np23J8W2BiZbjfEw3BFBycSMv1AFblg==}
    engines: {node: '>=4'}

  graceful-fs@4.2.11:
    resolution: {integrity: sha512-RbJ5/jmFcNNCcDV5o9eTnBLJ/HszWV0P73bc+Ff4nS/rJj+YaS6IGyiOL0VoBYX+l1Wrl3k63h/KrH+nhJ0XvQ==}

  has-flag@3.0.0:
    resolution: {integrity: sha512-sKJf1+ceQBr4SMkvQnBDNDtf4TXpVhVGateu0t918bl30FnbE2m4vNLX+VWe/dpjlb+HugGYzW7uQXH98HPEYw==}
    engines: {node: '>=4'}

  has-flag@4.0.0:
    resolution: {integrity: sha512-EykJT/Q1KjTWctppgIAgfSO0tKVuZUjhgMr17kqTumMl6Afv3EISleU7qZUzoXDFTAHTDC4NOoG/ZxU3EvlMPQ==}
    engines: {node: '>=8'}

  has-own-prop@2.0.0:
    resolution: {integrity: sha512-Pq0h+hvsVm6dDEa8x82GnLSYHOzNDt7f0ddFa3FqcQlgzEiptPqL+XrOJNavjOzSYiYWIrgeVYYgGlLmnxwilQ==}
    engines: {node: '>=8'}

  human-signals@2.1.0:
    resolution: {integrity: sha512-B4FFZ6q/T2jhhksgkbEW3HBvWIfDW85snkQgawt07S7J5QXTk6BkNV+0yAeZrM5QpMAdYlocGoljn0sJ/WQkFw==}
    engines: {node: '>=10.17.0'}

  import-fresh@3.3.0:
    resolution: {integrity: sha512-veYYhQa+D1QBKznvhUHxb8faxlrwUnxseDAbAp457E0wLNio2bOSKnjYDhMj+YiAq61xrMGhQk9iXVk5FzgQMw==}
    engines: {node: '>=6'}

  imurmurhash@0.1.4:
    resolution: {integrity: sha512-JmXMZ6wuvDmLiHEml9ykzqO6lwFbof0GG4IkcGaENdCRDDmMVnny7s5HsIgHCbaq0w2MyPhDqkhTUgS2LU2PHA==}
    engines: {node: '>=0.8.19'}

  indent-string@4.0.0:
    resolution: {integrity: sha512-EdDDZu4A2OyIK7Lr/2zG+w5jmbuk1DVBnEwREQvBzspBJkCEbRa8GxU1lghYcaGJCnRWibjDXlq779X1/y5xwg==}
    engines: {node: '>=8'}

  inflight@1.0.6:
    resolution: {integrity: sha512-k92I/b08q4wvFscXCLvqfsHCrjrF7yiXsQuIVvVE7N82W3+aqpzuUdBbfhWcy/FZR3/4IgflMgKLOsvPDrGCJA==}
    deprecated: This module is not supported, and leaks memory. Do not use it. Check out lru-cache if you want a good and tested way to coalesce async requests by a key value, which is much more comprehensive and powerful.

  inherits@2.0.4:
    resolution: {integrity: sha512-k/vGaX4/Yla3WzyMCvTQOXYeIHvqOKtnqBduzTHpzpQZzAskKMhZ2K+EnBiSM9zGSoIFeMpXKxa4dYeZIQqewQ==}

  ini@1.3.8:
    resolution: {integrity: sha512-JV/yugV2uzW5iMRSiZAyDtQd+nxtUnjeLt0acNdw98kKLrvuRVyB80tsREOE7yvGVgalhZ6RNXCmEHkUKBKxew==}

  is-arrayish@0.2.1:
    resolution: {integrity: sha512-zz06S8t0ozoDXMG+ube26zeCTNXcKIPJZJi8hBrF4idCLms4CG9QtK7qBl1boi5ODzFpjswb5JPmHCbMpjaYzg==}

  is-fullwidth-code-point@3.0.0:
    resolution: {integrity: sha512-zymm5+u+sCsSWyD9qNaejV3DFvhCKclKdizYaJUuHA83RLjb7nSuGnddCHGv0hk+KY7BMAlsWeK4Ueg6EV6XQg==}
    engines: {node: '>=8'}

  is-number@7.0.0:
    resolution: {integrity: sha512-41Cifkg6e8TylSpdtTpeLVMqvSBEVzTttHvERD741+pnZ8ANv0004MRL43QKPDlK9cGvNp6NZWZUBlbGXYxxng==}
    engines: {node: '>=0.12.0'}

  is-obj@1.0.1:
    resolution: {integrity: sha512-l4RyHgRqGN4Y3+9JHVrNqO+tN0rV5My76uW5/nuO4K1b6vw5G8d/cmFjP9tRfEsdhZNt0IFdZuK/c2Vr4Nb+Qg==}
    engines: {node: '>=0.10.0'}

  is-obj@2.0.0:
    resolution: {integrity: sha512-drqDG3cbczxxEJRoOXcOjtdp1J/lyp1mNn0xaznRs8+muBhgQcrnbspox5X5fOw0HnMnbfDzvnEMEtqDEJEo8w==}
    engines: {node: '>=8'}

  is-regexp@1.0.0:
    resolution: {integrity: sha512-7zjFAPO4/gwyQAAgRRmqeEeyIICSdmCqa3tsVHMdBzaXXRiqopZL4Cyghg/XulGWrtABTpbnYYzzIRffLkP4oA==}
    engines: {node: '>=0.10.0'}

  is-stream@2.0.1:
    resolution: {integrity: sha512-hFoiJiTl63nn+kstHGBtewWSKnQLpyb155KHheA1l39uvtO9nWIop1p3udqPcUd/xbF1VLMO4n7OI6p7RbngDg==}
    engines: {node: '>=8'}

  is-typedarray@1.0.0:
    resolution: {integrity: sha512-cyA56iCMHAh5CdzjJIa4aohJyeO1YbwLi3Jc35MmRU6poroFjIGZzUzupGiRPOjgHg9TLu43xbpwXk523fMxKA==}

  isexe@2.0.0:
    resolution: {integrity: sha512-RHxMLp9lnKHGHRng9QFhRCMbYAcVpn69smSGcq3f36xjgVVWThj4qqLbTLlq7Ssj8B+fIQ1EuCEGI2lKsyQeIw==}

  js-tokens@4.0.0:
    resolution: {integrity: sha512-RdJUflcE3cUzKiMqQgsCu06FPu9UdIJO0beYbPhHN4k6apgJtifcoCtT9bcxOpYBtpD2kCM6Sbzg4CausW/PKQ==}

  json-buffer@3.0.1:
    resolution: {integrity: sha512-4bV5BfR2mqfQTJm+V5tPPdf+ZpuhiIvTuAB5g8kcrXOZpTT/QwwVRWBywX1ozr6lEuPdbHxwaJlm9G6mI2sfSQ==}

  json-parse-even-better-errors@2.3.1:
    resolution: {integrity: sha512-xyFwyhro/JEof6Ghe2iz2NcXoj2sloNsWr/XsERDK/oiPCfaNhl5ONfp+jQdAZRQQ0IJWNzH9zIZF7li91kh2w==}

  jsonfile@6.1.0:
    resolution: {integrity: sha512-5dgndWOriYSm5cnYaJNhalLNDKOqFwyDB/rr1E9ZsGciGvKPs8R2xYGCacuf3z6K1YKDz182fd+fY3cn3pMqXQ==}

  keyv@4.5.4:
    resolution: {integrity: sha512-oxVHkHR/EJf2CNXnWxRLW6mg7JyCCUcG0DtEGmL2ctUo1PNTin1PUil+r/+4r5MpVgC/fn1kjsx7mjSujKqIpw==}

  lines-and-columns@1.2.4:
    resolution: {integrity: sha512-7ylylesZQ/PV29jhEDl3Ufjo6ZX7gCqJr5F7PKrqc93v7fzSymt1BpwEU8nAUXs8qzzvqhbjhK5QZg6Mt/HkBg==}

  lint-staged@11.2.6:
    resolution: {integrity: sha512-Vti55pUnpvPE0J9936lKl0ngVeTdSZpEdTNhASbkaWX7J5R9OEifo1INBGQuGW4zmy6OG+TcWPJ3m5yuy5Q8Tg==}
    hasBin: true

  listr2@3.14.0:
    resolution: {integrity: sha512-TyWI8G99GX9GjE54cJ+RrNMcIFBfwMPxc3XTFiAYGN4s10hWROGtOg7+O6u6LE3mNkyld7RSLE6nrKBvTfcs3g==}
    engines: {node: '>=10.0.0'}
    peerDependencies:
      enquirer: '>= 2.3.0 < 3'
    peerDependenciesMeta:
      enquirer:
        optional: true

  locate-path@6.0.0:
    resolution: {integrity: sha512-iPZK6eYjbxRu3uB4/WZ3EsEIMJFMqAoopl3R+zuq0UjcAm/MO6KCweDgPfP3elTztoKP3KtnVHxTn2NHBSDVUw==}
    engines: {node: '>=10'}

  log-update@4.0.0:
    resolution: {integrity: sha512-9fkkDevMefjg0mmzWFBW8YkFP91OrizzkW3diF7CpG+S2EYdy4+TVfGwz1zeF8x7hCx1ovSPTOE9Ngib74qqUg==}
    engines: {node: '>=10'}

  make-dir@3.1.0:
    resolution: {integrity: sha512-g3FeP20LNwhALb/6Cz6Dd4F2ngze0jz7tbzrD2wAV+o9FeNHe4rL+yK2md0J/fiSf1sa1ADhXqi5+oVwOM/eGw==}
    engines: {node: '>=8'}

  merge-stream@2.0.0:
    resolution: {integrity: sha512-abv/qOcuPfk3URPfDzmZU1LKmuw8kT+0nIHvKrKgFrwifol/doWcdA4ZqsWQ8ENrFKkd67Mfpo/LovbIUsbt3w==}

  micromatch@4.0.7:
    resolution: {integrity: sha512-LPP/3KorzCwBxfeUuZmaR6bG2kdeHSbe0P2tY3FLRU4vYrjYz5hI4QZwV0njUx3jeuKe67YukQ1LSPZBKDqO/Q==}
    engines: {node: '>=8.6'}

  mimic-fn@2.1.0:
    resolution: {integrity: sha512-OqbOk5oEQeAZ8WXWydlu9HJjz9WVdEIvamMCcXmuqUYjTknH/sqsWvhQ3vgwKFRR1HpjvNBKQ37nbJgYzGqGcg==}
    engines: {node: '>=6'}

  minimatch@3.1.2:
    resolution: {integrity: sha512-J7p63hRiAjw1NDEww1W7i37+ByIrOWO5XQQAzZ3VOcL0PNybwpfmV/N05zFAzwQ9USyEcX6t3UO+K5aqBQOIHw==}

  minimatch@5.1.6:
    resolution: {integrity: sha512-lKwV/1brpG6mBUFHtb7NUmtABCb2WZZmm2wNiOA5hAb8VdCS4B3dtMWyvcoViccwAW/COERjXLt0zP1zXUN26g==}
    engines: {node: '>=10'}

  ms@2.1.2:
    resolution: {integrity: sha512-sGkPx+VjMtmA6MX27oA4FBFELFCZZ4S4XqeGOXCv68tT+jb3vk/RyaKWP0PTKyWtmLSM0b+adUTEvbs1PEaH2w==}

  normalize-path@3.0.0:
    resolution: {integrity: sha512-6eZs5Ls3WtCisHWp9S2GUy8dqkpGi4BVSz3GaqiE6ezub0512ESztXUwUB6C6IKbQkY2Pnb/mD4WYojCRwcwLA==}
    engines: {node: '>=0.10.0'}

  npm-run-path@4.0.1:
    resolution: {integrity: sha512-S48WzZW777zhNIrn7gxOlISNAqi9ZC/uQFnRdbeIHhZhCA6UqpkOT8T1G7BvfdgP4Er8gF4sUbaS0i7QvIfCWw==}
    engines: {node: '>=8'}

  once@1.4.0:
    resolution: {integrity: sha512-lNaJgI+2Q5URQBkccEKHTQOPaXdUxnZZElQTZY0MFUAuaEqe1E+Nyvgdz/aIyNi6Z9MzO5dv1H8n58/GELp3+w==}

  onetime@5.1.2:
    resolution: {integrity: sha512-kbpaSSGJTWdAY5KPVeMOKXSrPtr8C8C7wodJbcsd51jRnmD+GZu8Y0VoU6Dm5Z4vWr0Ig/1NKuWRKf7j5aaYSg==}
    engines: {node: '>=6'}

  p-limit@3.1.0:
    resolution: {integrity: sha512-TYOanM3wGwNGsZN2cVTYPArw454xnXj5qmWF1bEoAc4+cU/ol7GVh7odevjp1FNHduHc3KZMcFduxU5Xc6uJRQ==}
    engines: {node: '>=10'}

  p-locate@5.0.0:
    resolution: {integrity: sha512-LaNjtRWUBY++zB5nE/NwcaoMylSPk+S+ZHNB1TzdbMJMny6dynpAGt7X/tl/QYq3TIeE6nxHppbo2LGymrG5Pw==}
    engines: {node: '>=10'}

  p-map@4.0.0:
    resolution: {integrity: sha512-/bjOqmgETBYB5BoEeGVea8dmvHb2m9GLy1E9W43yeyfP6QQCZGFNa+XRceJEuDB6zqr+gKpIAmlLebMpykw/MQ==}
    engines: {node: '>=10'}

  parent-module@1.0.1:
    resolution: {integrity: sha512-GQ2EWRpQV8/o+Aw8YqtfZZPfNRWZYkbidE9k5rpl/hC3vtHHBfGm2Ifi6qWV+coDGkrUKZAxE3Lot5kcsRlh+g==}
    engines: {node: '>=6'}

  parent-module@2.0.0:
    resolution: {integrity: sha512-uo0Z9JJeWzv8BG+tRcapBKNJ0dro9cLyczGzulS6EfeyAdeC9sbojtW6XwvYxJkEne9En+J2XEl4zyglVeIwFg==}
    engines: {node: '>=8'}

  parse-json@5.2.0:
    resolution: {integrity: sha512-ayCKvm/phCGxOkYRSCM82iDwct8/EonSEgCSxWxD7ve6jHggsFl4fZVQBPRNgQoKiuV/odhFrGzQXZwbifC8Rg==}
    engines: {node: '>=8'}

  path-exists@4.0.0:
    resolution: {integrity: sha512-ak9Qy5Q7jYb2Wwcey5Fpvg2KoAc/ZIhLSLOSBmRmygPsGwkVVt0fZa0qrtMz+m6tJTAHfZQ8FnmB4MG4LWy7/w==}
    engines: {node: '>=8'}

  path-is-absolute@1.0.1:
    resolution: {integrity: sha512-AVbw3UJ2e9bq64vSaS9Am0fje1Pa8pbGqTTsmXfaIiMpnr5DlDhfJOuLj9Sf95ZPVDAUerDfEk88MPmPe7UCQg==}
    engines: {node: '>=0.10.0'}

  path-key@3.1.1:
    resolution: {integrity: sha512-ojmeN0qd+y0jszEtoY48r0Peq5dwMEkIlCOu6Q5f41lfkswXuKtYrhgoTpLnyIcHm24Uhqx+5Tqm2InSwLhE6Q==}
    engines: {node: '>=8'}

  path-type@4.0.0:
    resolution: {integrity: sha512-gDKb8aZMDeD/tZWs9P6+q0J9Mwkdl6xMV8TjnGP3qJVJ06bdMgkbBlLU8IdfOsIsFz2BW1rNVT3XuNEl8zPAvw==}
    engines: {node: '>=8'}

  picocolors@1.0.1:
    resolution: {integrity: sha512-anP1Z8qwhkbmu7MFP5iTt+wQKXgwzf7zTyGlcdzabySa9vd0Xt392U0rVmz9poOaBj0uHJKyyo9/upk0HrEQew==}

  picomatch@2.3.1:
    resolution: {integrity: sha512-JU3teHTNjmE2VCGFzuY8EXzCDVwEqB2a8fsIvwaStHhAWJEeVd1o1QD80CU6+ZdEXXSLbSsuLwJjkCBWqRQUVA==}
    engines: {node: '>=8.6'}

  please-upgrade-node@3.2.0:
    resolution: {integrity: sha512-gQR3WpIgNIKwBMVLkpMUeR3e1/E1y42bqDQZfql+kDeXd8COYfM8PQA4X6y7a8u9Ua9FHmsrrmirW2vHs45hWg==}

  pyright@1.1.369:
    resolution: {integrity: sha512-K0mQzVNSN5yq+joFK0JraOlhtL2HKrubCa+SnFznkLsnoZKbmq7M8UpSSDsJKPFfevkmqOKodgGzvt27C6RJAg==}
    engines: {node: '>=14.0.0'}
    hasBin: true

  repeat-string@1.6.1:
    resolution: {integrity: sha512-PV0dzCYDNfRi1jCDbJzpW7jNNDRuCOG/jI5ctQcGKt/clZD+YcPS3yIlWuTJMmESC8aevCFmWJy5wjAFgNqN6w==}
    engines: {node: '>=0.10'}

  resolve-from@4.0.0:
    resolution: {integrity: sha512-pb/MYmXstAkysRFx8piNI1tGFNQIFA3vkE3Gq4EuA1dF6gHp/+vgZqsCGJapvy8N3Q+4o7FwvquPJcnZ7RYy4g==}
    engines: {node: '>=4'}

  resolve-from@5.0.0:
    resolution: {integrity: sha512-qYg9KP24dD5qka9J47d0aVky0N+b4fTU89LN9iDnjB5waksiC49rvMB0PrUJQGoTmH50XPiqOvAjDfaijGxYZw==}
    engines: {node: '>=8'}

  resolve-global@1.0.0:
    resolution: {integrity: sha512-zFa12V4OLtT5XUX/Q4VLvTfBf+Ok0SPc1FNGM/z9ctUdiU618qwKpWnd0CHs3+RqROfyEg/DhuHbMWYqcgljEw==}
    engines: {node: '>=8'}

  restore-cursor@3.1.0:
    resolution: {integrity: sha512-l+sSefzHpj5qimhFSE5a8nufZYAM3sBSVMAPtYkmC+4EH2anSGaEMXSD0izRQbu9nfyQ9y5JrVmp7E8oZrUjvA==}
    engines: {node: '>=8'}

  rfdc@1.4.1:
    resolution: {integrity: sha512-q1b3N5QkRUWUl7iyylaaj3kOpIT0N2i9MqIEQXP73GVsN9cw3fdx8X63cEmWhJGi2PPCF23Ijp7ktmd39rawIA==}

  rimraf@3.0.2:
    resolution: {integrity: sha512-JZkJMZkAGFFPP2YqXZXPbMlMBgsxzE8ILs4lMIX/2o0L9UBw9O/Y3o6wFw/i9YLapcUJWwqbi3kdxIPdC62TIA==}
    deprecated: Rimraf versions prior to v4 are no longer supported
    hasBin: true

  rxjs@7.8.1:
    resolution: {integrity: sha512-AA3TVj+0A2iuIoQkWEK/tqFjBq2j+6PO6Y0zJcvzLAFhEFIO3HL0vls9hWLncZbAAbK0mar7oZ4V079I/qPMxg==}

  semver-compare@1.0.0:
    resolution: {integrity: sha512-YM3/ITh2MJ5MtzaM429anh+x2jiLVjqILF4m4oyQB18W7Ggea7BfqdH/wGMK7dDiMghv/6WG7znWMwUDzJiXow==}

  semver@6.3.1:
    resolution: {integrity: sha512-BR7VvDCVHO+q2xBEWskxS6DJE1qRnb7DxzUrogb71CWoSficBxYsiAGd+Kl0mmq/MprG9yArRkyrQxTO6XjMzA==}
    hasBin: true

  semver@7.6.2:
    resolution: {integrity: sha512-FNAIBWCx9qcRhoHcgcJ0gvU7SN1lYU2ZXuSfl04bSC5OpvDHFyJCjdNHomPXxjQlCBU67YW64PzY7/VIEH7F2w==}
    engines: {node: '>=10'}
    hasBin: true

  shebang-command@2.0.0:
    resolution: {integrity: sha512-kHxr2zZpYtdmrN1qDjrrX/Z1rR1kG8Dx+gkpK1G4eXmvXswmcE1hTWBWYUzlraYw1/yZp6YuDY77YtvbN0dmDA==}
    engines: {node: '>=8'}

  shebang-regex@3.0.0:
    resolution: {integrity: sha512-7++dFhtcx3353uBaq8DDR4NuxBetBzC7ZQOhmTQInHEd6bSrXdiEyzCvG07Z44UYdLShWUyXt5M/yhz8ekcb1A==}
    engines: {node: '>=8'}

  signal-exit@3.0.7:
    resolution: {integrity: sha512-wnD2ZE+l+SPC/uoS0vXeE9L1+0wuaMqKlfz9AMUo38JsyLSBWSFcHR1Rri62LZc12vLr1gb3jl7iwQhgwpAbGQ==}

  simple-git-hooks@2.11.1:
    resolution: {integrity: sha512-tgqwPUMDcNDhuf1Xf6KTUsyeqGdgKMhzaH4PAZZuzguOgTl5uuyeYe/8mWgAr6IBxB5V06uqEf6Dy37gIWDtDg==}
    hasBin: true

  slice-ansi@3.0.0:
    resolution: {integrity: sha512-pSyv7bSTC7ig9Dcgbw9AuRNUb5k5V6oDudjZoMBSr13qpLBG7tB+zgCkARjq7xIUgdz5P1Qe8u+rSGdouOOIyQ==}
    engines: {node: '>=8'}

  slice-ansi@4.0.0:
    resolution: {integrity: sha512-qMCMfhY040cVHT43K9BFygqYbUPFZKHOg7K73mtTWJRb8pyP3fzf4Ixd5SzdEJQ6MRUg/WBnOLxghZtKKurENQ==}
    engines: {node: '>=10'}

  string-argv@0.3.1:
    resolution: {integrity: sha512-a1uQGz7IyVy9YwhqjZIZu1c8JO8dNIe20xBmSS6qu9kv++k3JGzCVmprbNN5Kn+BgzD5E7YYwg1CcjuJMRNsvg==}
    engines: {node: '>=0.6.19'}

  string-width@4.2.3:
    resolution: {integrity: sha512-wKyQRQpjJ0sIp62ErSZdGsjMJWsap5oRNihHhu6G7JVO/9jIB6UyevL+tXuOqrng8j/cxKTWyWUwvSTriiZz/g==}
    engines: {node: '>=8'}

  stringify-object@3.3.0:
    resolution: {integrity: sha512-rHqiFh1elqCQ9WPLIC8I0Q/g/wj5J1eMkyoiD6eoQApWHP0FtlK7rqnhmabL5VUY9JQCcqwwvlOaSuutekgyrw==}
    engines: {node: '>=4'}

  strip-ansi@6.0.1:
    resolution: {integrity: sha512-Y38VPSHcqkFrCpFnQ9vuSXmquuv5oXOKpGeT6aGrr3o3Gc9AlVa6JBfUSOCnbxGGZF+/0ooI7KrPuUSztUdU5A==}
    engines: {node: '>=8'}

  strip-final-newline@2.0.0:
    resolution: {integrity: sha512-BrpvfNAE3dcvq7ll3xVumzjKjZQ5tI1sEUIKr3Uoks0XUl45St3FlatVqef9prk4jRDzhW6WZg+3bk93y6pLjA==}
    engines: {node: '>=6'}

  supports-color@5.5.0:
    resolution: {integrity: sha512-QjVjwdXIt408MIiAqCX4oUKsgU2EqAGzs2Ppkm4aQYbjm+ZEWEcW4SfFNTr4uMNZma0ey4f5lgLrkB0aX0QMow==}
    engines: {node: '>=4'}

  supports-color@7.2.0:
    resolution: {integrity: sha512-qpCAvRl9stuOHveKsn7HncJRvv501qIacKzQlO/+Lwxc9+0q2wLyv4Dfvt80/DPn2pqOBsJdDiogXGR9+OvwRw==}
    engines: {node: '>=8'}

  supports-color@8.1.1:
    resolution: {integrity: sha512-MpUEN2OodtUzxvKQl72cUF7RQ5EiHsGvSsVG0ia9c5RbWGL2CI4C7EpPS8UTBIplnlzZiNuV56w+FuNxy3ty2Q==}
    engines: {node: '>=10'}

  through@2.3.8:
    resolution: {integrity: sha512-w89qg7PI8wAdvX60bMDP+bFoD5Dvhm9oLheFp5O4a2QF0cSBGsBX4qZmadPMvVqlLJBBci+WqGGOAPvcDeNSVg==}

  to-regex-range@5.0.1:
    resolution: {integrity: sha512-65P7iz6X5yEr1cwcgvQxbbIw7Uk3gOy5dIdtZ4rDveLqhrdJP+Li/Hx6tyK0NEb+2GCyneCMJiGqrADCSNk8sQ==}
    engines: {node: '>=8.0'}

  tslib@2.6.3:
    resolution: {integrity: sha512-xNvxJEOUiWPGhUuUdQgAJPKOOJfGnIyKySOc09XkKsgdUV/3E2zvwZYdejjmRgPCgcym1juLH3226yA7sEFJKQ==}

  type-fest@0.21.3:
    resolution: {integrity: sha512-t0rzBq87m3fVcduHDUFhKmyyX+9eo6WQjZvf51Ea/M0Q7+T374Jp1aUiyUl0GKxp8M/OETVHSDvmkyPgvX+X2w==}
    engines: {node: '>=10'}

  typedarray-to-buffer@3.1.5:
    resolution: {integrity: sha512-zdu8XMNEDepKKR+XYOXAVPtWui0ly0NtohUscw+UmaHiAWT8hrV1rr//H6V+0DvJ3OQ19S979M0laLfX8rm82Q==}

  unique-string@2.0.0:
    resolution: {integrity: sha512-uNaeirEPvpZWSgzwsPGtU2zVSTrn/8L5q/IexZmH0eH6SA73CmAA5U4GwORTxQAZs95TAXLNqeLoPPNO5gZfWg==}
    engines: {node: '>=8'}

  universalify@2.0.1:
    resolution: {integrity: sha512-gptHNQghINnc/vTGIk0SOFGFNXw7JVrlRUtConJRlvaw6DuX0wO5Jeko9sWrMBhh+PsYAZ7oXAiOnf/UKogyiw==}
    engines: {node: '>= 10.0.0'}

  vscode-languageserver-textdocument@1.0.11:
    resolution: {integrity: sha512-X+8T3GoiwTVlJbicx/sIAF+yuJAqz8VvwJyoMVhwEMoEKE/fkDmrqUgDMyBECcM2A2frVZIUj5HI/ErRXCfOeA==}

  vscode-uri@3.0.8:
    resolution: {integrity: sha512-AyFQ0EVmsOZOlAnxoFOGOq1SQDWAB7C6aqMGS23svWAllfOaxbuFvcT8D1i8z3Gyn8fraVeZNNmN6e9bxxXkKw==}

  which@2.0.2:
    resolution: {integrity: sha512-BLI3Tl1TW3Pvl70l3yq3Y64i+awpwXqsGBYWkkqMtnbXgrMD+yj7rhW0kuEDxzJaYXGjEW5ogapKNMEKNMjibA==}
    engines: {node: '>= 8'}
    hasBin: true

  wrap-ansi@6.2.0:
    resolution: {integrity: sha512-r6lPcBGxZXlIcymEu7InxDMhdW0KDxpLgoFLcguasxCaJ/SOIZwINatK9KY/tf+ZrlywOKU0UDj3ATXUBfxJXA==}
    engines: {node: '>=8'}

  wrap-ansi@7.0.0:
    resolution: {integrity: sha512-YVGIj2kamLSTxw6NsZjoBxfSwsn0ycdesmc4p+Q21c5zPuZ1pl+NfxVdxPtdHvmNVOQ6XSYG4AUtyt/Fi7D16Q==}
    engines: {node: '>=10'}

  wrappy@1.0.2:
    resolution: {integrity: sha512-l4Sp/DRseor9wL6EvV2+TuQn63dMkPjZ/sp9XkghTEbV9KlPS1xUsZ3u7/IQO4wxtcFB4bgpQPRcR3QCvezPcQ==}

  write-file-atomic@3.0.3:
    resolution: {integrity: sha512-AvHcyZ5JnSfq3ioSyjrBkH9yW4m7Ayk8/9My/DD9onKeu/94fwrMocemO2QAJFAlnnDN+ZDS+ZjAR5ua1/PV/Q==}

  xdg-basedir@4.0.0:
    resolution: {integrity: sha512-PSNhEJDejZYV7h50BohL09Er9VaIefr2LMAf3OEmpCkjOi34eYyQYAXUTjEQtZJTKcF0E2UKTh+osDLsgNim9Q==}
    engines: {node: '>=8'}

  yaml@1.10.2:
    resolution: {integrity: sha512-r3vXyErRCYJ7wg28yvBY5VSoAF8ZvlcW9/BwUzEtUsjvX/DKs24dIkuwjtuprwJJHsbyUbLApepYTR1BN4uHrg==}
    engines: {node: '>= 6'}

  yocto-queue@0.1.0:
    resolution: {integrity: sha512-rVksvsnNCdJ/ohGc6xgPwyN8eheCxsiLM8mxuE/t/mOVqJewPuO1miLpTHQiRgTKCLexL4MeAFVagts7HmNZ2Q==}
    engines: {node: '>=10'}

snapshots:

  '@babel/code-frame@7.24.7':
    dependencies:
      '@babel/highlight': 7.24.7
      picocolors: 1.0.1

  '@babel/helper-validator-identifier@7.24.7': {}

  '@babel/highlight@7.24.7':
    dependencies:
      '@babel/helper-validator-identifier': 7.24.7
      chalk: 2.4.2
      js-tokens: 4.0.0
      picocolors: 1.0.1

  '@cspell/cspell-bundled-dicts@5.21.2':
    dependencies:
      '@cspell/dict-ada': 2.0.1
      '@cspell/dict-aws': 2.0.0
      '@cspell/dict-bash': 2.0.4
      '@cspell/dict-companies': 2.0.14
      '@cspell/dict-cpp': 3.2.1
      '@cspell/dict-cryptocurrencies': 2.0.0
      '@cspell/dict-csharp': 3.0.1
      '@cspell/dict-css': 2.1.0
      '@cspell/dict-dart': 1.1.1
      '@cspell/dict-django': 2.0.0
      '@cspell/dict-dotnet': 2.0.1
      '@cspell/dict-elixir': 2.0.1
      '@cspell/dict-en-gb': 1.1.33
      '@cspell/dict-en_us': 2.3.3
      '@cspell/dict-filetypes': 2.1.1
      '@cspell/dict-fonts': 2.1.0
      '@cspell/dict-fullstack': 2.0.6
      '@cspell/dict-git': 1.0.1
      '@cspell/dict-golang': 3.0.1
      '@cspell/dict-haskell': 2.0.1
      '@cspell/dict-html': 3.3.2
      '@cspell/dict-html-symbol-entities': 3.0.0
      '@cspell/dict-java': 2.0.0
      '@cspell/dict-latex': 2.0.9
      '@cspell/dict-lorem-ipsum': 2.0.1
      '@cspell/dict-lua': 2.0.0
      '@cspell/dict-node': 2.0.1
      '@cspell/dict-npm': 2.0.5
      '@cspell/dict-php': 2.0.0
      '@cspell/dict-powershell': 2.0.0
      '@cspell/dict-public-licenses': 1.0.6
      '@cspell/dict-python': 3.0.6
      '@cspell/dict-r': 1.0.3
      '@cspell/dict-ruby': 2.0.2
      '@cspell/dict-rust': 2.0.1
      '@cspell/dict-scala': 2.0.0
      '@cspell/dict-software-terms': 2.3.0
      '@cspell/dict-swift': 1.0.3
      '@cspell/dict-typescript': 2.0.2
      '@cspell/dict-vue': 2.0.2

  '@cspell/cspell-pipe@5.21.2': {}

  '@cspell/cspell-types@5.21.2': {}

  '@cspell/dict-ada@2.0.1': {}

  '@cspell/dict-aws@2.0.0': {}

  '@cspell/dict-bash@2.0.4': {}

  '@cspell/dict-companies@2.0.14': {}

  '@cspell/dict-cpp@3.2.1': {}

  '@cspell/dict-cryptocurrencies@2.0.0': {}

  '@cspell/dict-csharp@3.0.1': {}

  '@cspell/dict-css@2.1.0': {}

  '@cspell/dict-dart@1.1.1': {}

  '@cspell/dict-django@2.0.0': {}

  '@cspell/dict-dotnet@2.0.1': {}

  '@cspell/dict-elixir@2.0.1': {}

  '@cspell/dict-en-gb@1.1.33': {}

  '@cspell/dict-en_us@2.3.3': {}

  '@cspell/dict-filetypes@2.1.1': {}

  '@cspell/dict-fonts@2.1.0': {}

  '@cspell/dict-fullstack@2.0.6': {}

  '@cspell/dict-git@1.0.1': {}

  '@cspell/dict-golang@3.0.1': {}

  '@cspell/dict-haskell@2.0.1': {}

  '@cspell/dict-html-symbol-entities@3.0.0': {}

  '@cspell/dict-html@3.3.2': {}

  '@cspell/dict-java@2.0.0': {}

  '@cspell/dict-latex@2.0.9': {}

  '@cspell/dict-lorem-ipsum@2.0.1': {}

  '@cspell/dict-lua@2.0.0': {}

  '@cspell/dict-node@2.0.1': {}

  '@cspell/dict-npm@2.0.5': {}

  '@cspell/dict-php@2.0.0': {}

  '@cspell/dict-powershell@2.0.0': {}

  '@cspell/dict-public-licenses@1.0.6': {}

  '@cspell/dict-python@3.0.6': {}

  '@cspell/dict-r@1.0.3': {}

  '@cspell/dict-ruby@2.0.2': {}

  '@cspell/dict-rust@2.0.1': {}

  '@cspell/dict-scala@2.0.0': {}

  '@cspell/dict-software-terms@2.3.0': {}

  '@cspell/dict-swift@1.0.3': {}

  '@cspell/dict-typescript@2.0.2': {}

  '@cspell/dict-vue@2.0.2': {}

  '@types/parse-json@4.0.2': {}

  aggregate-error@3.1.0:
    dependencies:
      clean-stack: 2.2.0
      indent-string: 4.0.0

  ansi-colors@4.1.3: {}

  ansi-escapes@4.3.2:
    dependencies:
      type-fest: 0.21.3

  ansi-regex@5.0.1: {}

  ansi-styles@3.2.1:
    dependencies:
      color-convert: 1.9.3

  ansi-styles@4.3.0:
    dependencies:
      color-convert: 2.0.1

  array-timsort@1.0.3: {}

  astral-regex@2.0.0: {}

  balanced-match@1.0.2: {}

  brace-expansion@1.1.11:
    dependencies:
      balanced-match: 1.0.2
      concat-map: 0.0.1

  brace-expansion@2.0.1:
    dependencies:
      balanced-match: 1.0.2

  braces@3.0.3:
    dependencies:
      fill-range: 7.1.1

  callsites@3.1.0: {}

  chalk@2.4.2:
    dependencies:
      ansi-styles: 3.2.1
      escape-string-regexp: 1.0.5
      supports-color: 5.5.0

  chalk@4.1.2:
    dependencies:
      ansi-styles: 4.3.0
      supports-color: 7.2.0

  clean-stack@2.2.0: {}

  clear-module@4.1.2:
    dependencies:
      parent-module: 2.0.0
      resolve-from: 5.0.0

  cli-cursor@3.1.0:
    dependencies:
      restore-cursor: 3.1.0

  cli-truncate@2.1.0:
    dependencies:
      slice-ansi: 3.0.0
      string-width: 4.2.3

  color-convert@1.9.3:
    dependencies:
      color-name: 1.1.3

  color-convert@2.0.1:
    dependencies:
      color-name: 1.1.4

  color-name@1.1.3: {}

  color-name@1.1.4: {}

  colorette@1.4.0: {}

  colorette@2.0.20: {}

  commander@8.3.0: {}

  commander@9.5.0: {}

  comment-json@4.2.3:
    dependencies:
      array-timsort: 1.0.3
      core-util-is: 1.0.3
      esprima: 4.0.1
      has-own-prop: 2.0.0
      repeat-string: 1.6.1

  concat-map@0.0.1: {}

  configstore@5.0.1:
    dependencies:
      dot-prop: 5.3.0
      graceful-fs: 4.2.11
      make-dir: 3.1.0
      unique-string: 2.0.0
      write-file-atomic: 3.0.3
      xdg-basedir: 4.0.0

  core-util-is@1.0.3: {}

  cosmiconfig@7.1.0:
    dependencies:
      '@types/parse-json': 4.0.2
      import-fresh: 3.3.0
      parse-json: 5.2.0
      path-type: 4.0.0
      yaml: 1.10.2

  cross-spawn@7.0.3:
    dependencies:
      path-key: 3.1.1
      shebang-command: 2.0.0
      which: 2.0.2

  crypto-random-string@2.0.0: {}

  cspell-gitignore@5.21.2:
    dependencies:
      cspell-glob: 5.21.2
      find-up: 5.0.0

  cspell-glob@5.21.2:
    dependencies:
      micromatch: 4.0.7

  cspell-io@5.21.2: {}

  cspell-lib@5.21.2:
    dependencies:
      '@cspell/cspell-bundled-dicts': 5.21.2
      '@cspell/cspell-pipe': 5.21.2
      '@cspell/cspell-types': 5.21.2
      clear-module: 4.1.2
      comment-json: 4.2.3
      configstore: 5.0.1
      cosmiconfig: 7.1.0
      cspell-glob: 5.21.2
      cspell-io: 5.21.2
      cspell-trie-lib: 5.21.2
      fast-equals: 3.0.3
      find-up: 5.0.0
      fs-extra: 10.1.0
      gensequence: 3.1.1
      import-fresh: 3.3.0
      resolve-from: 5.0.0
      resolve-global: 1.0.0
      vscode-languageserver-textdocument: 1.0.11
      vscode-uri: 3.0.8

  cspell-trie-lib@5.21.2:
    dependencies:
      '@cspell/cspell-pipe': 5.21.2
      fs-extra: 10.1.0
      gensequence: 3.1.1

  cspell@5.21.2:
    dependencies:
      '@cspell/cspell-pipe': 5.21.2
      chalk: 4.1.2
      commander: 9.5.0
      cspell-gitignore: 5.21.2
      cspell-glob: 5.21.2
      cspell-lib: 5.21.2
      fast-json-stable-stringify: 2.1.0
      file-entry-cache: 6.0.1
      fs-extra: 10.1.0
      get-stdin: 8.0.0
      glob: 8.1.0
      imurmurhash: 0.1.4
      semver: 7.6.2
      strip-ansi: 6.0.1
      vscode-uri: 3.0.8

  debug@4.3.5(supports-color@8.1.1):
    dependencies:
      ms: 2.1.2
    optionalDependencies:
      supports-color: 8.1.1

  dot-prop@5.3.0:
    dependencies:
      is-obj: 2.0.0

  emoji-regex@8.0.0: {}

  enquirer@2.4.1:
    dependencies:
      ansi-colors: 4.1.3
      strip-ansi: 6.0.1

  error-ex@1.3.2:
    dependencies:
      is-arrayish: 0.2.1

  escape-string-regexp@1.0.5: {}

  esprima@4.0.1: {}

  execa@5.1.1:
    dependencies:
      cross-spawn: 7.0.3
      get-stream: 6.0.1
      human-signals: 2.1.0
      is-stream: 2.0.1
      merge-stream: 2.0.0
      npm-run-path: 4.0.1
      onetime: 5.1.2
      signal-exit: 3.0.7
      strip-final-newline: 2.0.0

  fast-equals@3.0.3: {}

  fast-json-stable-stringify@2.1.0: {}

  file-entry-cache@6.0.1:
    dependencies:
      flat-cache: 3.2.0

  fill-range@7.1.1:
    dependencies:
      to-regex-range: 5.0.1

  find-up@5.0.0:
    dependencies:
      locate-path: 6.0.0
      path-exists: 4.0.0

  flat-cache@3.2.0:
    dependencies:
      flatted: 3.3.1
      keyv: 4.5.4
      rimraf: 3.0.2

  flatted@3.3.1: {}

  fs-extra@10.1.0:
    dependencies:
      graceful-fs: 4.2.11
      jsonfile: 6.1.0
      universalify: 2.0.1

  fs.realpath@1.0.0: {}

  fsevents@2.3.3:
    optional: true

  gensequence@3.1.1: {}

  get-own-enumerable-property-symbols@3.0.2: {}

  get-stdin@8.0.0: {}

  get-stream@6.0.1: {}

  glob@7.2.3:
    dependencies:
      fs.realpath: 1.0.0
      inflight: 1.0.6
      inherits: 2.0.4
      minimatch: 3.1.2
      once: 1.4.0
      path-is-absolute: 1.0.1

  glob@8.1.0:
    dependencies:
      fs.realpath: 1.0.0
      inflight: 1.0.6
      inherits: 2.0.4
      minimatch: 5.1.6
      once: 1.4.0

  global-dirs@0.1.1:
    dependencies:
      ini: 1.3.8

  graceful-fs@4.2.11: {}

  has-flag@3.0.0: {}

  has-flag@4.0.0: {}

  has-own-prop@2.0.0: {}

  human-signals@2.1.0: {}

  import-fresh@3.3.0:
    dependencies:
      parent-module: 1.0.1
      resolve-from: 4.0.0

  imurmurhash@0.1.4: {}

  indent-string@4.0.0: {}

  inflight@1.0.6:
    dependencies:
      once: 1.4.0
      wrappy: 1.0.2

  inherits@2.0.4: {}

  ini@1.3.8: {}

  is-arrayish@0.2.1: {}

  is-fullwidth-code-point@3.0.0: {}

  is-number@7.0.0: {}

  is-obj@1.0.1: {}

  is-obj@2.0.0: {}

  is-regexp@1.0.0: {}

  is-stream@2.0.1: {}

  is-typedarray@1.0.0: {}

  isexe@2.0.0: {}

  js-tokens@4.0.0: {}

  json-buffer@3.0.1: {}

  json-parse-even-better-errors@2.3.1: {}

  jsonfile@6.1.0:
    dependencies:
      universalify: 2.0.1
    optionalDependencies:
      graceful-fs: 4.2.11

  keyv@4.5.4:
    dependencies:
      json-buffer: 3.0.1

  lines-and-columns@1.2.4: {}

  lint-staged@11.2.6:
    dependencies:
      cli-truncate: 2.1.0
      colorette: 1.4.0
      commander: 8.3.0
      cosmiconfig: 7.1.0
      debug: 4.3.5(supports-color@8.1.1)
      enquirer: 2.4.1
      execa: 5.1.1
      listr2: 3.14.0(enquirer@2.4.1)
      micromatch: 4.0.7
      normalize-path: 3.0.0
      please-upgrade-node: 3.2.0
      string-argv: 0.3.1
      stringify-object: 3.3.0
      supports-color: 8.1.1

  listr2@3.14.0(enquirer@2.4.1):
    dependencies:
      cli-truncate: 2.1.0
      colorette: 2.0.20
      log-update: 4.0.0
      p-map: 4.0.0
      rfdc: 1.4.1
      rxjs: 7.8.1
      through: 2.3.8
      wrap-ansi: 7.0.0
    optionalDependencies:
      enquirer: 2.4.1

  locate-path@6.0.0:
    dependencies:
      p-locate: 5.0.0

  log-update@4.0.0:
    dependencies:
      ansi-escapes: 4.3.2
      cli-cursor: 3.1.0
      slice-ansi: 4.0.0
      wrap-ansi: 6.2.0

  make-dir@3.1.0:
    dependencies:
      semver: 6.3.1

  merge-stream@2.0.0: {}

  micromatch@4.0.7:
    dependencies:
      braces: 3.0.3
      picomatch: 2.3.1

  mimic-fn@2.1.0: {}

  minimatch@3.1.2:
    dependencies:
      brace-expansion: 1.1.11

  minimatch@5.1.6:
    dependencies:
      brace-expansion: 2.0.1

  ms@2.1.2: {}

  normalize-path@3.0.0: {}

  npm-run-path@4.0.1:
    dependencies:
      path-key: 3.1.1

  once@1.4.0:
    dependencies:
      wrappy: 1.0.2

  onetime@5.1.2:
    dependencies:
      mimic-fn: 2.1.0

  p-limit@3.1.0:
    dependencies:
      yocto-queue: 0.1.0

  p-locate@5.0.0:
    dependencies:
      p-limit: 3.1.0

  p-map@4.0.0:
    dependencies:
      aggregate-error: 3.1.0

  parent-module@1.0.1:
    dependencies:
      callsites: 3.1.0

  parent-module@2.0.0:
    dependencies:
      callsites: 3.1.0

  parse-json@5.2.0:
    dependencies:
      '@babel/code-frame': 7.24.7
      error-ex: 1.3.2
      json-parse-even-better-errors: 2.3.1
      lines-and-columns: 1.2.4

  path-exists@4.0.0: {}

  path-is-absolute@1.0.1: {}

  path-key@3.1.1: {}

  path-type@4.0.0: {}

  picocolors@1.0.1: {}

  picomatch@2.3.1: {}

  please-upgrade-node@3.2.0:
    dependencies:
      semver-compare: 1.0.0

  pyright@1.1.369:
    optionalDependencies:
      fsevents: 2.3.3

  repeat-string@1.6.1: {}

  resolve-from@4.0.0: {}

  resolve-from@5.0.0: {}

  resolve-global@1.0.0:
    dependencies:
      global-dirs: 0.1.1

  restore-cursor@3.1.0:
    dependencies:
      onetime: 5.1.2
      signal-exit: 3.0.7

  rfdc@1.4.1: {}

  rimraf@3.0.2:
    dependencies:
      glob: 7.2.3

  rxjs@7.8.1:
    dependencies:
      tslib: 2.6.3

  semver-compare@1.0.0: {}

  semver@6.3.1: {}

  semver@7.6.2: {}

  shebang-command@2.0.0:
    dependencies:
      shebang-regex: 3.0.0

  shebang-regex@3.0.0: {}

  signal-exit@3.0.7: {}

  simple-git-hooks@2.11.1: {}

  slice-ansi@3.0.0:
    dependencies:
      ansi-styles: 4.3.0
      astral-regex: 2.0.0
      is-fullwidth-code-point: 3.0.0

  slice-ansi@4.0.0:
    dependencies:
      ansi-styles: 4.3.0
      astral-regex: 2.0.0
      is-fullwidth-code-point: 3.0.0

  string-argv@0.3.1: {}

  string-width@4.2.3:
    dependencies:
      emoji-regex: 8.0.0
      is-fullwidth-code-point: 3.0.0
      strip-ansi: 6.0.1

  stringify-object@3.3.0:
    dependencies:
      get-own-enumerable-property-symbols: 3.0.2
      is-obj: 1.0.1
      is-regexp: 1.0.0

  strip-ansi@6.0.1:
    dependencies:
      ansi-regex: 5.0.1

  strip-final-newline@2.0.0: {}

  supports-color@5.5.0:
    dependencies:
      has-flag: 3.0.0

  supports-color@7.2.0:
    dependencies:
      has-flag: 4.0.0

  supports-color@8.1.1:
    dependencies:
      has-flag: 4.0.0

  through@2.3.8: {}

  to-regex-range@5.0.1:
    dependencies:
      is-number: 7.0.0

  tslib@2.6.3: {}

  type-fest@0.21.3: {}

  typedarray-to-buffer@3.1.5:
    dependencies:
      is-typedarray: 1.0.0

  unique-string@2.0.0:
    dependencies:
      crypto-random-string: 2.0.0

  universalify@2.0.1: {}

  vscode-languageserver-textdocument@1.0.11: {}

  vscode-uri@3.0.8: {}

  which@2.0.2:
    dependencies:
      isexe: 2.0.0

  wrap-ansi@6.2.0:
    dependencies:
      ansi-styles: 4.3.0
      string-width: 4.2.3
      strip-ansi: 6.0.1

  wrap-ansi@7.0.0:
    dependencies:
      ansi-styles: 4.3.0
      string-width: 4.2.3
      strip-ansi: 6.0.1

  wrappy@1.0.2: {}

  write-file-atomic@3.0.3:
    dependencies:
      imurmurhash: 0.1.4
      is-typedarray: 1.0.0
      signal-exit: 3.0.7
      typedarray-to-buffer: 3.1.5

  xdg-basedir@4.0.0: {}

  yaml@1.10.2: {}

  yocto-queue@0.1.0: {}
